{
  "name": "consoled.js",
  "version": "1.0.2",
  "lockfileVersion": 3,
  "requires": true,
  "packages": {
    "": {
      "name": "consoled.js",
      "version": "1.0.2",
      "license": "ISC",
      "dependencies": {
        "consoled.js": "^1.0.2"
      }
    },
    "node_modules/consoled.js": {
      "version": "1.0.2",
      "resolved": "https://registry.npmjs.org/consoled.js/-/consoled.js-1.0.2.tgz",
      "integrity": "sha512-QWPSdYoXhoiS2quvOXkB31WUjAORux2+XgWLeT9UfOXU81VphobKIBRr6bQv+5Wuf3xPuRVPY2vnxhjEyrJy7Q==",
      "dependencies": {
        "consoled.js": "^1.0.0"
      }
    }
  }
}
